
Microsoft Visual Studio Solution File, Format Version 12.00
# Visual Studio 15
VisualStudioVersion = 15.0.25807.0
MinimumVisualStudioVersion = 10.0.40219.1
Project("{2150E333-8FDC-42A3-9474-1A3956D46DE8}") = "Engine", "Engine", "{76E4A3C6-C277-44D3-8EA5-4F6A8D25B14E}"
EndProject
Project("{2150E333-8FDC-42A3-9474-1A3956D46DE8}") = "Games", "Games", "{AF76D4E3-B90D-4CA7-8FA6-1F9753110DCC}"
EndProject
Project("{8BC9CEB8-8B4A-11D0-8D11-00A0C91BC942}") = "UE4", "Intermediate\ProjectFiles\UE4.vcxproj", "{B82FD92A-A371-4382-8A66-A820D3EE1BAA}"
EndProject
Project("{8BC9CEB8-8B4A-11D0-8D11-00A0C91BC942}") = "BuildingEscape", "Intermediate\ProjectFiles\BuildingEscape.vcxproj", "{4DEB10D5-EF84-4DAD-A660-AB21F4954B27}"
EndProject
Global
	GlobalSection(SolutionConfigurationPlatforms) = preSolution
		DebugGame Editor|HTML5 = DebugGame Editor|HTML5
		DebugGame Editor|Win32 = DebugGame Editor|Win32
		DebugGame Editor|Win64 = DebugGame Editor|Win64
		DebugGame|HTML5 = DebugGame|HTML5
		DebugGame|Win32 = DebugGame|Win32
		DebugGame|Win64 = DebugGame|Win64
		Development Editor|HTML5 = Development Editor|HTML5
		Development Editor|Win32 = Development Editor|Win32
		Development Editor|Win64 = Development Editor|Win64
		Development|HTML5 = Development|HTML5
		Development|Win32 = Development|Win32
		Development|Win64 = Development|Win64
		Shipping|HTML5 = Shipping|HTML5
		Shipping|Win32 = Shipping|Win32
		Shipping|Win64 = Shipping|Win64
	EndGlobalSection
	GlobalSection(ProjectConfigurationPlatforms) = postSolution
		{B82FD92A-A371-4382-8A66-A820D3EE1BAA}.DebugGame Editor|HTML5.ActiveCfg = BuiltWithUnrealBuildTool|Win32
		{B82FD92A-A371-4382-8A66-A820D3EE1BAA}.DebugGame Editor|HTML5.Build.0 = BuiltWithUnrealBuildTool|Win32
		{B82FD92A-A371-4382-8A66-A820D3EE1BAA}.DebugGame Editor|Win32.ActiveCfg = BuiltWithUnrealBuildTool|Win32
		{B82FD92A-A371-4382-8A66-A820D3EE1BAA}.DebugGame Editor|Win32.Build.0 = BuiltWithUnrealBuildTool|Win32
		{B82FD92A-A371-4382-8A66-A820D3EE1BAA}.DebugGame Editor|Win64.ActiveCfg = BuiltWithUnrealBuildTool|Win32
		{B82FD92A-A371-4382-8A66-A820D3EE1BAA}.DebugGame Editor|Win64.Build.0 = BuiltWithUnrealBuildTool|Win32
		{B82FD92A-A371-4382-8A66-A820D3EE1BAA}.DebugGame|HTML5.ActiveCfg = BuiltWithUnrealBuildTool|Win32
		{B82FD92A-A371-4382-8A66-A820D3EE1BAA}.DebugGame|HTML5.Build.0 = BuiltWithUnrealBuildTool|Win32
		{B82FD92A-A371-4382-8A66-A820D3EE1BAA}.DebugGame|Win32.ActiveCfg = BuiltWithUnrealBuildTool|Win32
		{B82FD92A-A371-4382-8A66-A820D3EE1BAA}.DebugGame|Win32.Build.0 = BuiltWithUnrealBuildTool|Win32
		{B82FD92A-A371-4382-8A66-A820D3EE1BAA}.DebugGame|Win64.ActiveCfg = BuiltWithUnrealBuildTool|Win32
		{B82FD92A-A371-4382-8A66-A820D3EE1BAA}.DebugGame|Win64.Build.0 = BuiltWithUnrealBuildTool|Win32
		{B82FD92A-A371-4382-8A66-A820D3EE1BAA}.Development Editor|HTML5.ActiveCfg = BuiltWithUnrealBuildTool|Win32
		{B82FD92A-A371-4382-8A66-A820D3EE1BAA}.Development Editor|HTML5.Build.0 = BuiltWithUnrealBuildTool|Win32
		{B82FD92A-A371-4382-8A66-A820D3EE1BAA}.Development Editor|Win32.ActiveCfg = BuiltWithUnrealBuildTool|Win32
		{B82FD92A-A371-4382-8A66-A820D3EE1BAA}.Development Editor|Win32.Build.0 = BuiltWithUnrealBuildTool|Win32
		{B82FD92A-A371-4382-8A66-A820D3EE1BAA}.Development Editor|Win64.ActiveCfg = BuiltWithUnrealBuildTool|Win32
		{B82FD92A-A371-4382-8A66-A820D3EE1BAA}.Development Editor|Win64.Build.0 = BuiltWithUnrealBuildTool|Win32
		{B82FD92A-A371-4382-8A66-A820D3EE1BAA}.Development|HTML5.ActiveCfg = BuiltWithUnrealBuildTool|Win32
		{B82FD92A-A371-4382-8A66-A820D3EE1BAA}.Development|HTML5.Build.0 = BuiltWithUnrealBuildTool|Win32
		{B82FD92A-A371-4382-8A66-A820D3EE1BAA}.Development|Win32.ActiveCfg = BuiltWithUnrealBuildTool|Win32
		{B82FD92A-A371-4382-8A66-A820D3EE1BAA}.Development|Win32.Build.0 = BuiltWithUnrealBuildTool|Win32
		{B82FD92A-A371-4382-8A66-A820D3EE1BAA}.Development|Win64.ActiveCfg = BuiltWithUnrealBuildTool|Win32
		{B82FD92A-A371-4382-8A66-A820D3EE1BAA}.Development|Win64.Build.0 = BuiltWithUnrealBuildTool|Win32
		{B82FD92A-A371-4382-8A66-A820D3EE1BAA}.Shipping|HTML5.ActiveCfg = BuiltWithUnrealBuildTool|Win32
		{B82FD92A-A371-4382-8A66-A820D3EE1BAA}.Shipping|HTML5.Build.0 = BuiltWithUnrealBuildTool|Win32
		{B82FD92A-A371-4382-8A66-A820D3EE1BAA}.Shipping|Win32.ActiveCfg = BuiltWithUnrealBuildTool|Win32
		{B82FD92A-A371-4382-8A66-A820D3EE1BAA}.Shipping|Win32.Build.0 = BuiltWithUnrealBuildTool|Win32
		{B82FD92A-A371-4382-8A66-A820D3EE1BAA}.Shipping|Win64.ActiveCfg = BuiltWithUnrealBuildTool|Win32
		{B82FD92A-A371-4382-8A66-A820D3EE1BAA}.Shipping|Win64.Build.0 = BuiltWithUnrealBuildTool|Win32
		{4DEB10D5-EF84-4DAD-A660-AB21F4954B27}.DebugGame Editor|HTML5.ActiveCfg = HTML5_DebugGame_Editor|Win32
		{4DEB10D5-EF84-4DAD-A660-AB21F4954B27}.DebugGame Editor|Win32.ActiveCfg = DebugGame_Editor|Win32
		{4DEB10D5-EF84-4DAD-A660-AB21F4954B27}.DebugGame Editor|Win64.ActiveCfg = DebugGame_Editor|x64
		{4DEB10D5-EF84-4DAD-A660-AB21F4954B27}.DebugGame Editor|Win64.Build.0 = DebugGame_Editor|x64
		{4DEB10D5-EF84-4DAD-A660-AB21F4954B27}.DebugGame|HTML5.ActiveCfg = HTML5_DebugGame_Game|Win32
		{4DEB10D5-EF84-4DAD-A660-AB21F4954B27}.DebugGame|HTML5.Build.0 = HTML5_DebugGame_Game|Win32
		{4DEB10D5-EF84-4DAD-A660-AB21F4954B27}.DebugGame|Win32.ActiveCfg = DebugGame_Game|Win32
		{4DEB10D5-EF84-4DAD-A660-AB21F4954B27}.DebugGame|Win32.Build.0 = DebugGame_Game|Win32
		{4DEB10D5-EF84-4DAD-A660-AB21F4954B27}.DebugGame|Win64.ActiveCfg = DebugGame_Game|x64
		{4DEB10D5-EF84-4DAD-A660-AB21F4954B27}.DebugGame|Win64.Build.0 = DebugGame_Game|x64
		{4DEB10D5-EF84-4DAD-A660-AB21F4954B27}.Development Editor|HTML5.ActiveCfg = HTML5_Development_Editor|Win32
		{4DEB10D5-EF84-4DAD-A660-AB21F4954B27}.Development Editor|Win32.ActiveCfg = Development_Editor|Win32
		{4DEB10D5-EF84-4DAD-A660-AB21F4954B27}.Development Editor|Win64.ActiveCfg = Development_Editor|x64
		{4DEB10D5-EF84-4DAD-A660-AB21F4954B27}.Development Editor|Win64.Build.0 = Development_Editor|x64
		{4DEB10D5-EF84-4DAD-A660-AB21F4954B27}.Development|HTML5.ActiveCfg = HTML5_Development_Game|Win32
		{4DEB10D5-EF84-4DAD-A660-AB21F4954B27}.Development|HTML5.Build.0 = HTML5_Development_Game|Win32
		{4DEB10D5-EF84-4DAD-A660-AB21F4954B27}.Development|Win32.ActiveCfg = Development_Game|Win32
		{4DEB10D5-EF84-4DAD-A660-AB21F4954B27}.Development|Win32.Build.0 = Development_Game|Win32
		{4DEB10D5-EF84-4DAD-A660-AB21F4954B27}.Development|Win64.ActiveCfg = Development_Game|x64
		{4DEB10D5-EF84-4DAD-A660-AB21F4954B27}.Development|Win64.Build.0 = Development_Game|x64
		{4DEB10D5-EF84-4DAD-A660-AB21F4954B27}.Shipping|HTML5.ActiveCfg = HTML5_Shipping_Game|Win32
		{4DEB10D5-EF84-4DAD-A660-AB21F4954B27}.Shipping|HTML5.Build.0 = HTML5_Shipping_Game|Win32
		{4DEB10D5-EF84-4DAD-A660-AB21F4954B27}.Shipping|Win32.ActiveCfg = Shipping_Game|Win32
		{4DEB10D5-EF84-4DAD-A660-AB21F4954B27}.Shipping|Win32.Build.0 = Shipping_Game|Win32
		{4DEB10D5-EF84-4DAD-A660-AB21F4954B27}.Shipping|Win64.ActiveCfg = Shipping_Game|x64
		{4DEB10D5-EF84-4DAD-A660-AB21F4954B27}.Shipping|Win64.Build.0 = Shipping_Game|x64
	EndGlobalSection
	GlobalSection(SolutionProperties) = preSolution
		HideSolutionNode = FALSE
	EndGlobalSection
	GlobalSection(NestedProjects) = preSolution
		{B82FD92A-A371-4382-8A66-A820D3EE1BAA} = {76E4A3C6-C277-44D3-8EA5-4F6A8D25B14E}
		{4DEB10D5-EF84-4DAD-A660-AB21F4954B27} = {AF76D4E3-B90D-4CA7-8FA6-1F9753110DCC}
	EndGlobalSection
	GlobalSection(ExtensibilityGlobals) = postSolution
		SolutionGuid = {1C2E9A98-AEF1-4F5A-9BD6-6EC577956074}
	EndGlobalSection
EndGlobal
